
Microsoft Visual Studio Solution File, Format Version 12.00
# Visual Studio 2012
Project("{FAE04EC0-301F-11D3-BF4B-00C04F79EFBC}") = "Probabilistic.NET", "Probablistic.NET\Probabilistic.NET.csproj", "{76F87130-93F0-4254-9D6C-682DFD7DF870}"
EndProject
Project("{FAE04EC0-301F-11D3-BF4B-00C04F79EFBC}") = "Probabilistic.NET.Test", "Probabilistic.NET.Test\Probabilistic.NET.Test.csproj", "{650A564B-42EB-4C61-8F63-44BC1E42862B}"
EndProject
Project("{2150E333-8FDC-42A3-9474-1A3956D46DE8}") = "Solution Items", "Solution Items", "{208AC249-7076-49B8-921E-A2476EBFFDC2}"
	ProjectSection(SolutionItems) = preProject
		ReadMe.txt = ReadMe.txt
	EndProjectSection
EndProject
Global
	GlobalSection(SolutionConfigurationPlatforms) = preSolution
		Debug|Any CPU = Debug|Any CPU
		Release|Any CPU = Release|Any CPU
	EndGlobalSection
	GlobalSection(ProjectConfigurationPlatforms) = postSolution
		{76F87130-93F0-4254-9D6C-682DFD7DF870}.Debug|Any CPU.ActiveCfg = Debug|Any CPU
		{76F87130-93F0-4254-9D6C-682DFD7DF870}.Debug|Any CPU.Build.0 = Debug|Any CPU
		{76F87130-93F0-4254-9D6C-682DFD7DF870}.Release|Any CPU.ActiveCfg = Release|Any CPU
		{76F87130-93F0-4254-9D6C-682DFD7DF870}.Release|Any CPU.Build.0 = Release|Any CPU
		{650A564B-42EB-4C61-8F63-44BC1E42862B}.Debug|Any CPU.ActiveCfg = Debug|Any CPU
		{650A564B-42EB-4C61-8F63-44BC1E42862B}.Debug|Any CPU.Build.0 = Debug|Any CPU
		{650A564B-42EB-4C61-8F63-44BC1E42862B}.Release|Any CPU.ActiveCfg = Release|Any CPU
		{650A564B-42EB-4C61-8F63-44BC1E42862B}.Release|Any CPU.Build.0 = Release|Any CPU
	EndGlobalSection
	GlobalSection(SolutionProperties) = preSolution
		HideSolutionNode = FALSE
	EndGlobalSection
EndGlobal
